
Microsoft Visual Studio Solution File, Format Version 12.00
# Visual Studio Version 17
VisualStudioVersion = 17.8.34309.116
MinimumVisualStudioVersion = 10.0.40219.1
Project("{9A19103F-16F7-4668-BE54-9A1E7A4F7556}") = "PL", "PL.csproj", "{1BADACAF-FC98-4AF1-9014-E3D674F12EBF}"
EndProject
Project("{9A19103F-16F7-4668-BE54-9A1E7A4F7556}") = "BLL", "..\BLL\BLL.csproj", "{5184F811-2C7A-4A56-98CF-F9D08C775D5B}"
EndProject
Project("{9A19103F-16F7-4668-BE54-9A1E7A4F7556}") = "DAL", "..\DAL\DAL.csproj", "{B4C82A12-98A9-46A9-9A2A-745FA89BA48E}"
EndProject
Global
	GlobalSection(SolutionConfigurationPlatforms) = preSolution
		Debug|Any CPU = Debug|Any CPU
		Release|Any CPU = Release|Any CPU
	EndGlobalSection
	GlobalSection(ProjectConfigurationPlatforms) = postSolution
		{1BADACAF-FC98-4AF1-9014-E3D674F12EBF}.Debug|Any CPU.ActiveCfg = Debug|Any CPU
		{1BADACAF-FC98-4AF1-9014-E3D674F12EBF}.Debug|Any CPU.Build.0 = Debug|Any CPU
		{1BADACAF-FC98-4AF1-9014-E3D674F12EBF}.Release|Any CPU.ActiveCfg = Release|Any CPU
		{1BADACAF-FC98-4AF1-9014-E3D674F12EBF}.Release|Any CPU.Build.0 = Release|Any CPU
		{5184F811-2C7A-4A56-98CF-F9D08C775D5B}.Debug|Any CPU.ActiveCfg = Debug|Any CPU
		{5184F811-2C7A-4A56-98CF-F9D08C775D5B}.Debug|Any CPU.Build.0 = Debug|Any CPU
		{5184F811-2C7A-4A56-98CF-F9D08C775D5B}.Release|Any CPU.ActiveCfg = Release|Any CPU
		{5184F811-2C7A-4A56-98CF-F9D08C775D5B}.Release|Any CPU.Build.0 = Release|Any CPU
		{B4C82A12-98A9-46A9-9A2A-745FA89BA48E}.Debug|Any CPU.ActiveCfg = Debug|Any CPU
		{B4C82A12-98A9-46A9-9A2A-745FA89BA48E}.Debug|Any CPU.Build.0 = Debug|Any CPU
		{B4C82A12-98A9-46A9-9A2A-745FA89BA48E}.Release|Any CPU.ActiveCfg = Release|Any CPU
		{B4C82A12-98A9-46A9-9A2A-745FA89BA48E}.Release|Any CPU.Build.0 = Release|Any CPU
	EndGlobalSection
	GlobalSection(SolutionProperties) = preSolution
		HideSolutionNode = FALSE
	EndGlobalSection
	GlobalSection(ExtensibilityGlobals) = postSolution
		SolutionGuid = {1FCBD4F9-36F7-4A24-84FB-870DE86D5040}
	EndGlobalSection
EndGlobal
